
Microsoft Visual Studio Solution File, Format Version 12.00
# Visual Studio Version 17
VisualStudioVersion = 17.8.34330.188
MinimumVisualStudioVersion = 10.0.40219.1
Project("{FAE04EC0-301F-11D3-BF4B-00C04F79EFBC}") = "Componentes", "Componentes.csproj", "{536CA633-46A5-4F54-ABA3-1D559765619C}"
EndProject
Global
	GlobalSection(SolutionConfigurationPlatforms) = preSolution
		Debug|Any CPU = Debug|Any CPU
		Release|Any CPU = Release|Any CPU
	EndGlobalSection
	GlobalSection(ProjectConfigurationPlatforms) = postSolution
		{536CA633-46A5-4F54-ABA3-1D559765619C}.Debug|Any CPU.ActiveCfg = Debug|Any CPU
		{536CA633-46A5-4F54-ABA3-1D559765619C}.Debug|Any CPU.Build.0 = Debug|Any CPU
		{536CA633-46A5-4F54-ABA3-1D559765619C}.Release|Any CPU.ActiveCfg = Release|Any CPU
		{536CA633-46A5-4F54-ABA3-1D559765619C}.Release|Any CPU.Build.0 = Release|Any CPU
	EndGlobalSection
	GlobalSection(SolutionProperties) = preSolution
		HideSolutionNode = FALSE
	EndGlobalSection
	GlobalSection(ExtensibilityGlobals) = postSolution
		SolutionGuid = {8F24070A-8A92-4876-A37A-3E6A4E088E94}
	EndGlobalSection
EndGlobal
