
Microsoft Visual Studio Solution File, Format Version 12.00
# Visual Studio Version 17
VisualStudioVersion = 17.8.34330.188
MinimumVisualStudioVersion = 10.0.40219.1
Project("{FAE04EC0-301F-11D3-BF4B-00C04F79EFBC}") = "Academia", "Academia.csproj", "{004DA1D0-16BC-422A-A81F-0F8215B3C633}"
EndProject
Project("{54435603-DBB4-11D2-8724-00A0C9A8B90C}") = "Setup", "install\Setup\Setup.vdproj", "{D798258E-BB00-44B2-A143-170FD43A3ED9}"
EndProject
Global
	GlobalSection(SolutionConfigurationPlatforms) = preSolution
		Debug|Any CPU = Debug|Any CPU
		Release|Any CPU = Release|Any CPU
	EndGlobalSection
	GlobalSection(ProjectConfigurationPlatforms) = postSolution
		{004DA1D0-16BC-422A-A81F-0F8215B3C633}.Debug|Any CPU.ActiveCfg = Debug|Any CPU
		{004DA1D0-16BC-422A-A81F-0F8215B3C633}.Debug|Any CPU.Build.0 = Debug|Any CPU
		{004DA1D0-16BC-422A-A81F-0F8215B3C633}.Release|Any CPU.ActiveCfg = Release|Any CPU
		{004DA1D0-16BC-422A-A81F-0F8215B3C633}.Release|Any CPU.Build.0 = Release|Any CPU
		{D798258E-BB00-44B2-A143-170FD43A3ED9}.Debug|Any CPU.ActiveCfg = Debug
		{D798258E-BB00-44B2-A143-170FD43A3ED9}.Release|Any CPU.ActiveCfg = Release
	EndGlobalSection
	GlobalSection(SolutionProperties) = preSolution
		HideSolutionNode = FALSE
	EndGlobalSection
	GlobalSection(ExtensibilityGlobals) = postSolution
		SolutionGuid = {4FFED167-C9B3-4FD3-A095-E7674685289E}
	EndGlobalSection
EndGlobal
